
Microsoft Visual Studio Solution File, Format Version 12.00
# Visual Studio Version 16
VisualStudioVersion = 16.0.29709.97
MinimumVisualStudioVersion = 10.0.40219.1
Project("{2150E333-8FDC-42A3-9474-1A3956D46DE8}") = "proto", "proto", "{B1C32F32-1B2D-4F70-A50A-E65914683E2B}"
	ProjectSection(SolutionItems) = preProject
		dummy.proto = dummy.proto
		greeting.proto = greeting.proto
	EndProjectSection
EndProject
Project("{FAE04EC0-301F-11D3-BF4B-00C04F79EFBC}") = "client", "client\client.csproj", "{61343EED-456D-4339-BA27-B011EE995AE7}"
EndProject
Project("{FAE04EC0-301F-11D3-BF4B-00C04F79EFBC}") = "server", "server\server.csproj", "{FDBFEEEB-C0D7-4774-B090-4C2A1044A3ED}"
EndProject
Global
	GlobalSection(SolutionConfigurationPlatforms) = preSolution
		Debug|Any CPU = Debug|Any CPU
		Release|Any CPU = Release|Any CPU
	EndGlobalSection
	GlobalSection(ProjectConfigurationPlatforms) = postSolution
		{61343EED-456D-4339-BA27-B011EE995AE7}.Debug|Any CPU.ActiveCfg = Debug|Any CPU
		{61343EED-456D-4339-BA27-B011EE995AE7}.Debug|Any CPU.Build.0 = Debug|Any CPU
		{61343EED-456D-4339-BA27-B011EE995AE7}.Release|Any CPU.ActiveCfg = Release|Any CPU
		{61343EED-456D-4339-BA27-B011EE995AE7}.Release|Any CPU.Build.0 = Release|Any CPU
		{FDBFEEEB-C0D7-4774-B090-4C2A1044A3ED}.Debug|Any CPU.ActiveCfg = Debug|Any CPU
		{FDBFEEEB-C0D7-4774-B090-4C2A1044A3ED}.Debug|Any CPU.Build.0 = Debug|Any CPU
		{FDBFEEEB-C0D7-4774-B090-4C2A1044A3ED}.Release|Any CPU.ActiveCfg = Release|Any CPU
		{FDBFEEEB-C0D7-4774-B090-4C2A1044A3ED}.Release|Any CPU.Build.0 = Release|Any CPU
	EndGlobalSection
	GlobalSection(SolutionProperties) = preSolution
		HideSolutionNode = FALSE
	EndGlobalSection
	GlobalSection(ExtensibilityGlobals) = postSolution
		SolutionGuid = {0EEF489E-2D97-4372-9E90-36874209B07A}
	EndGlobalSection
EndGlobal
